
Microsoft Visual Studio Solution File, Format Version 12.00
# Visual Studio 2012
Project("{FAE04EC0-301F-11D3-BF4B-00C04F79EFBC}") = "ExSite", "ExSite\ExSite.csproj", "{4BD93F06-ADBA-4F78-AD04-D2F52F0E0987}"
EndProject
Global
	GlobalSection(SolutionConfigurationPlatforms) = preSolution
		Debug|Any CPU = Debug|Any CPU
		Release|Any CPU = Release|Any CPU
	EndGlobalSection
	GlobalSection(ProjectConfigurationPlatforms) = postSolution
		{4BD93F06-ADBA-4F78-AD04-D2F52F0E0987}.Debug|Any CPU.ActiveCfg = Debug|Any CPU
		{4BD93F06-ADBA-4F78-AD04-D2F52F0E0987}.Debug|Any CPU.Build.0 = Debug|Any CPU
		{4BD93F06-ADBA-4F78-AD04-D2F52F0E0987}.Release|Any CPU.ActiveCfg = Release|Any CPU
		{4BD93F06-ADBA-4F78-AD04-D2F52F0E0987}.Release|Any CPU.Build.0 = Release|Any CPU
	EndGlobalSection
	GlobalSection(SolutionProperties) = preSolution
		HideSolutionNode = FALSE
	EndGlobalSection
EndGlobal
