
Microsoft Visual Studio Solution File, Format Version 12.00
# Visual Studio 2012
Project("{FAE04EC0-301F-11D3-BF4B-00C04F79EFBC}") = "ExSite", "ExSite\ExSite.csproj", "{3BE37B25-AB04-4AEC-95D6-C700A0EAEE3B}"
EndProject
Global
	GlobalSection(SolutionConfigurationPlatforms) = preSolution
		Debug|Any CPU = Debug|Any CPU
		Release|Any CPU = Release|Any CPU
	EndGlobalSection
	GlobalSection(ProjectConfigurationPlatforms) = postSolution
		{3BE37B25-AB04-4AEC-95D6-C700A0EAEE3B}.Debug|Any CPU.ActiveCfg = Debug|Any CPU
		{3BE37B25-AB04-4AEC-95D6-C700A0EAEE3B}.Debug|Any CPU.Build.0 = Debug|Any CPU
		{3BE37B25-AB04-4AEC-95D6-C700A0EAEE3B}.Release|Any CPU.ActiveCfg = Release|Any CPU
		{3BE37B25-AB04-4AEC-95D6-C700A0EAEE3B}.Release|Any CPU.Build.0 = Release|Any CPU
	EndGlobalSection
	GlobalSection(SolutionProperties) = preSolution
		HideSolutionNode = FALSE
	EndGlobalSection
EndGlobal
